
Microsoft Visual Studio Solution File, Format Version 12.00
# Visual Studio Version 17
VisualStudioVersion = 17.8.34330.188
MinimumVisualStudioVersion = 10.0.40219.1
Project("{FAE04EC0-301F-11D3-BF4B-00C04F79EFBC}") = "Modalproject", "Modalproject\Modalproject.csproj", "{0582D833-96A6-4839-B37D-AABEE1DEB462}"
EndProject
Global
	GlobalSection(SolutionConfigurationPlatforms) = preSolution
		Debug|Any CPU = Debug|Any CPU
		Release|Any CPU = Release|Any CPU
	EndGlobalSection
	GlobalSection(ProjectConfigurationPlatforms) = postSolution
		{0582D833-96A6-4839-B37D-AABEE1DEB462}.Debug|Any CPU.ActiveCfg = Debug|Any CPU
		{0582D833-96A6-4839-B37D-AABEE1DEB462}.Debug|Any CPU.Build.0 = Debug|Any CPU
		{0582D833-96A6-4839-B37D-AABEE1DEB462}.Release|Any CPU.ActiveCfg = Release|Any CPU
		{0582D833-96A6-4839-B37D-AABEE1DEB462}.Release|Any CPU.Build.0 = Release|Any CPU
	EndGlobalSection
	GlobalSection(SolutionProperties) = preSolution
		HideSolutionNode = FALSE
	EndGlobalSection
	GlobalSection(ExtensibilityGlobals) = postSolution
		SolutionGuid = {950B1A66-646F-4389-925B-08806A24198F}
	EndGlobalSection
EndGlobal
